
Microsoft Visual Studio Solution File, Format Version 12.00
# Visual Studio Version 17
VisualStudioVersion = 17.7.34009.444
MinimumVisualStudioVersion = 10.0.40219.1
Project("{FAE04EC0-301F-11D3-BF4B-00C04F79EFBC}") = "JackCompiler.CLI", "HackCompiler.CLI\JackCompiler.CLI.csproj", "{0FE1B79F-8FF2-4C61-BC74-04645D250186}"
EndProject
Project("{FAE04EC0-301F-11D3-BF4B-00C04F79EFBC}") = "JackCompiler.Lib", "JackCompiler.Lib\JackCompiler.Lib.csproj", "{FB23423C-5519-4D5A-B562-D1233C99C627}"
EndProject
Project("{FAE04EC0-301F-11D3-BF4B-00C04F79EFBC}") = "JackCompiler.Lib.Test", "JackCompiler.Lib.Test\JackCompiler.Lib.Test.csproj", "{D87E074B-7FCA-437A-A62D-FF3ABE7D9519}"
EndProject
Global
	GlobalSection(SolutionConfigurationPlatforms) = preSolution
		Debug|Any CPU = Debug|Any CPU
		Release|Any CPU = Release|Any CPU
	EndGlobalSection
	GlobalSection(ProjectConfigurationPlatforms) = postSolution
		{0FE1B79F-8FF2-4C61-BC74-04645D250186}.Debug|Any CPU.ActiveCfg = Debug|Any CPU
		{0FE1B79F-8FF2-4C61-BC74-04645D250186}.Debug|Any CPU.Build.0 = Debug|Any CPU
		{0FE1B79F-8FF2-4C61-BC74-04645D250186}.Release|Any CPU.ActiveCfg = Release|Any CPU
		{0FE1B79F-8FF2-4C61-BC74-04645D250186}.Release|Any CPU.Build.0 = Release|Any CPU
		{FB23423C-5519-4D5A-B562-D1233C99C627}.Debug|Any CPU.ActiveCfg = Debug|Any CPU
		{FB23423C-5519-4D5A-B562-D1233C99C627}.Debug|Any CPU.Build.0 = Debug|Any CPU
		{FB23423C-5519-4D5A-B562-D1233C99C627}.Release|Any CPU.ActiveCfg = Release|Any CPU
		{FB23423C-5519-4D5A-B562-D1233C99C627}.Release|Any CPU.Build.0 = Release|Any CPU
		{D87E074B-7FCA-437A-A62D-FF3ABE7D9519}.Debug|Any CPU.ActiveCfg = Debug|Any CPU
		{D87E074B-7FCA-437A-A62D-FF3ABE7D9519}.Debug|Any CPU.Build.0 = Debug|Any CPU
		{D87E074B-7FCA-437A-A62D-FF3ABE7D9519}.Release|Any CPU.ActiveCfg = Release|Any CPU
		{D87E074B-7FCA-437A-A62D-FF3ABE7D9519}.Release|Any CPU.Build.0 = Release|Any CPU
	EndGlobalSection
	GlobalSection(SolutionProperties) = preSolution
		HideSolutionNode = FALSE
	EndGlobalSection
	GlobalSection(ExtensibilityGlobals) = postSolution
		SolutionGuid = {F0D9A673-C335-4D75-A454-469FD1957424}
	EndGlobalSection
EndGlobal
