
Microsoft Visual Studio Solution File, Format Version 12.00
# Visual Studio Version 17
VisualStudioVersion = 17.7.34009.444
MinimumVisualStudioVersion = 10.0.40219.1
Project("{FAE04EC0-301F-11D3-BF4B-00C04F79EFBC}") = "Assembler.CLI", "Assembler.CLI\Assembler.CLI.csproj", "{79EAFFCF-609C-45A1-92BA-A395E859A414}"
	ProjectSection(ProjectDependencies) = postProject
		{2FE382C8-0D98-4648-8746-3E79EA2D5A29} = {2FE382C8-0D98-4648-8746-3E79EA2D5A29}
	EndProjectSection
EndProject
Project("{FAE04EC0-301F-11D3-BF4B-00C04F79EFBC}") = "Assembler.Logic", "Assembler.Logic\Assembler.Logic.csproj", "{2FE382C8-0D98-4648-8746-3E79EA2D5A29}"
EndProject
Project("{FAE04EC0-301F-11D3-BF4B-00C04F79EFBC}") = "Assembler.Test", "Assembler.Test\Assembler.Test.csproj", "{484E5921-245E-409E-A45F-D2BCD05C5D72}"
	ProjectSection(ProjectDependencies) = postProject
		{2FE382C8-0D98-4648-8746-3E79EA2D5A29} = {2FE382C8-0D98-4648-8746-3E79EA2D5A29}
	EndProjectSection
EndProject
Global
	GlobalSection(SolutionConfigurationPlatforms) = preSolution
		Debug|Any CPU = Debug|Any CPU
		Release|Any CPU = Release|Any CPU
	EndGlobalSection
	GlobalSection(ProjectConfigurationPlatforms) = postSolution
		{79EAFFCF-609C-45A1-92BA-A395E859A414}.Debug|Any CPU.ActiveCfg = Debug|Any CPU
		{79EAFFCF-609C-45A1-92BA-A395E859A414}.Debug|Any CPU.Build.0 = Debug|Any CPU
		{79EAFFCF-609C-45A1-92BA-A395E859A414}.Release|Any CPU.ActiveCfg = Release|Any CPU
		{79EAFFCF-609C-45A1-92BA-A395E859A414}.Release|Any CPU.Build.0 = Release|Any CPU
		{2FE382C8-0D98-4648-8746-3E79EA2D5A29}.Debug|Any CPU.ActiveCfg = Debug|Any CPU
		{2FE382C8-0D98-4648-8746-3E79EA2D5A29}.Debug|Any CPU.Build.0 = Debug|Any CPU
		{2FE382C8-0D98-4648-8746-3E79EA2D5A29}.Release|Any CPU.ActiveCfg = Release|Any CPU
		{2FE382C8-0D98-4648-8746-3E79EA2D5A29}.Release|Any CPU.Build.0 = Release|Any CPU
		{484E5921-245E-409E-A45F-D2BCD05C5D72}.Debug|Any CPU.ActiveCfg = Debug|Any CPU
		{484E5921-245E-409E-A45F-D2BCD05C5D72}.Debug|Any CPU.Build.0 = Debug|Any CPU
		{484E5921-245E-409E-A45F-D2BCD05C5D72}.Release|Any CPU.ActiveCfg = Release|Any CPU
		{484E5921-245E-409E-A45F-D2BCD05C5D72}.Release|Any CPU.Build.0 = Release|Any CPU
	EndGlobalSection
	GlobalSection(SolutionProperties) = preSolution
		HideSolutionNode = FALSE
	EndGlobalSection
	GlobalSection(ExtensibilityGlobals) = postSolution
		SolutionGuid = {89E198C4-31FB-4D8A-B8E3-9D88E6F25210}
	EndGlobalSection
EndGlobal
